Microsoft Visual Studio Solution File, Format Version 12.00
# Visual Studio Version 17
VisualStudioVersion = 17.5.2.0
MinimumVisualStudioVersion = 10.0.40219.1
Project("{FAE04EC0-301F-11D3-BF4B-00C04F79EFBC}") = "ProductCacheApi", "ProductCacheApi.csproj", "{AB6C0097-00FA-87B2-AE98-D37E33FB6930}"
EndProject
Global
	GlobalSection(SolutionConfigurationPlatforms) = preSolution
		Debug|Any CPU = Debug|Any CPU
		Release|Any CPU = Release|Any CPU
	EndGlobalSection
	GlobalSection(ProjectConfigurationPlatforms) = postSolution
		{AB6C0097-00FA-87B2-AE98-D37E33FB6930}.Debug|Any CPU.ActiveCfg = Debug|Any CPU
		{AB6C0097-00FA-87B2-AE98-D37E33FB6930}.Debug|Any CPU.Build.0 = Debug|Any CPU
		{AB6C0097-00FA-87B2-AE98-D37E33FB6930}.Release|Any CPU.ActiveCfg = Release|Any CPU
		{AB6C0097-00FA-87B2-AE98-D37E33FB6930}.Release|Any CPU.Build.0 = Release|Any CPU
	EndGlobalSection
	GlobalSection(SolutionProperties) = preSolution
		HideSolutionNode = FALSE
	EndGlobalSection
	GlobalSection(ExtensibilityGlobals) = postSolution
		SolutionGuid = {2B3BB120-8DCD-4A9C-AAA5-4AC6A191F4DE}
	EndGlobalSection
EndGlobal
